
Microsoft Visual Studio Solution File, Format Version 12.00
# Visual Studio Version 17
VisualStudioVersion = 17.0.32112.339
MinimumVisualStudioVersion = 10.0.40219.1
Project("{FAE04EC0-301F-11D3-BF4B-00C04F79EFBC}") = "BubbleSort", "BubbleSort.csproj", "{89F90211-3591-41CC-A3CB-47312B4D955A}"
EndProject
Project("{FAE04EC0-301F-11D3-BF4B-00C04F79EFBC}") = "BubbleSortTest", "..\BubbleSortTest\BubbleSortTest.csproj", "{BA4117F4-15B4-48BF-B277-51FFB043D614}"
EndProject
Global
	GlobalSection(SolutionConfigurationPlatforms) = preSolution
		Debug|Any CPU = Debug|Any CPU
		Release|Any CPU = Release|Any CPU
	EndGlobalSection
	GlobalSection(ProjectConfigurationPlatforms) = postSolution
		{89F90211-3591-41CC-A3CB-47312B4D955A}.Debug|Any CPU.ActiveCfg = Debug|Any CPU
		{89F90211-3591-41CC-A3CB-47312B4D955A}.Debug|Any CPU.Build.0 = Debug|Any CPU
		{89F90211-3591-41CC-A3CB-47312B4D955A}.Release|Any CPU.ActiveCfg = Release|Any CPU
		{89F90211-3591-41CC-A3CB-47312B4D955A}.Release|Any CPU.Build.0 = Release|Any CPU
		{BA4117F4-15B4-48BF-B277-51FFB043D614}.Debug|Any CPU.ActiveCfg = Debug|Any CPU
		{BA4117F4-15B4-48BF-B277-51FFB043D614}.Debug|Any CPU.Build.0 = Debug|Any CPU
		{BA4117F4-15B4-48BF-B277-51FFB043D614}.Release|Any CPU.ActiveCfg = Release|Any CPU
		{BA4117F4-15B4-48BF-B277-51FFB043D614}.Release|Any CPU.Build.0 = Release|Any CPU
	EndGlobalSection
	GlobalSection(SolutionProperties) = preSolution
		HideSolutionNode = FALSE
	EndGlobalSection
	GlobalSection(ExtensibilityGlobals) = postSolution
		SolutionGuid = {C96D29A4-742B-4E8B-B8AB-96795655F26B}
	EndGlobalSection
EndGlobal
