
Microsoft Visual Studio Solution File, Format Version 12.00
# Visual Studio Version 17
VisualStudioVersion = 17.0.32112.339
MinimumVisualStudioVersion = 10.0.40219.1
Project("{FAE04EC0-301F-11D3-BF4B-00C04F79EFBC}") = "CircularDoublyLinkedList", "CircularDoublyLinkedList.csproj", "{DC683842-5321-488A-8715-7E62E1BEE2B5}"
EndProject
Global
	GlobalSection(SolutionConfigurationPlatforms) = preSolution
		Debug|Any CPU = Debug|Any CPU
		Release|Any CPU = Release|Any CPU
	EndGlobalSection
	GlobalSection(ProjectConfigurationPlatforms) = postSolution
		{DC683842-5321-488A-8715-7E62E1BEE2B5}.Debug|Any CPU.ActiveCfg = Debug|Any CPU
		{DC683842-5321-488A-8715-7E62E1BEE2B5}.Debug|Any CPU.Build.0 = Debug|Any CPU
		{DC683842-5321-488A-8715-7E62E1BEE2B5}.Release|Any CPU.ActiveCfg = Release|Any CPU
		{DC683842-5321-488A-8715-7E62E1BEE2B5}.Release|Any CPU.Build.0 = Release|Any CPU
	EndGlobalSection
	GlobalSection(SolutionProperties) = preSolution
		HideSolutionNode = FALSE
	EndGlobalSection
	GlobalSection(ExtensibilityGlobals) = postSolution
		SolutionGuid = {1776F276-ECC3-4439-9D04-E33A62F04D37}
	EndGlobalSection
EndGlobal
