
Microsoft Visual Studio Solution File, Format Version 12.00
# Visual Studio Version 17
VisualStudioVersion = 17.0.32112.339
MinimumVisualStudioVersion = 10.0.40219.1
Project("{FAE04EC0-301F-11D3-BF4B-00C04F79EFBC}") = "LinkedListQueue", "LinkedListQueue.csproj", "{1B39CFE3-9C85-4410-A615-77992433AF9B}"
EndProject
Global
	GlobalSection(SolutionConfigurationPlatforms) = preSolution
		Debug|Any CPU = Debug|Any CPU
		Release|Any CPU = Release|Any CPU
	EndGlobalSection
	GlobalSection(ProjectConfigurationPlatforms) = postSolution
		{1B39CFE3-9C85-4410-A615-77992433AF9B}.Debug|Any CPU.ActiveCfg = Debug|Any CPU
		{1B39CFE3-9C85-4410-A615-77992433AF9B}.Debug|Any CPU.Build.0 = Debug|Any CPU
		{1B39CFE3-9C85-4410-A615-77992433AF9B}.Release|Any CPU.ActiveCfg = Release|Any CPU
		{1B39CFE3-9C85-4410-A615-77992433AF9B}.Release|Any CPU.Build.0 = Release|Any CPU
	EndGlobalSection
	GlobalSection(SolutionProperties) = preSolution
		HideSolutionNode = FALSE
	EndGlobalSection
	GlobalSection(ExtensibilityGlobals) = postSolution
		SolutionGuid = {E5CB17C1-C75D-4857-8116-BF92DB045E37}
	EndGlobalSection
EndGlobal
