
Microsoft Visual Studio Solution File, Format Version 12.00
# Visual Studio Version 17
VisualStudioVersion = 17.0.32112.339
MinimumVisualStudioVersion = 10.0.40219.1
Project("{FAE04EC0-301F-11D3-BF4B-00C04F79EFBC}") = "DoublyLinkedList", "DoublyLinkedList.csproj", "{F37DBA6A-B6E0-4936-8B65-4B3A4D613BC8}"
EndProject
Global
	GlobalSection(SolutionConfigurationPlatforms) = preSolution
		Debug|Any CPU = Debug|Any CPU
		Release|Any CPU = Release|Any CPU
	EndGlobalSection
	GlobalSection(ProjectConfigurationPlatforms) = postSolution
		{F37DBA6A-B6E0-4936-8B65-4B3A4D613BC8}.Debug|Any CPU.ActiveCfg = Debug|Any CPU
		{F37DBA6A-B6E0-4936-8B65-4B3A4D613BC8}.Debug|Any CPU.Build.0 = Debug|Any CPU
		{F37DBA6A-B6E0-4936-8B65-4B3A4D613BC8}.Release|Any CPU.ActiveCfg = Release|Any CPU
		{F37DBA6A-B6E0-4936-8B65-4B3A4D613BC8}.Release|Any CPU.Build.0 = Release|Any CPU
	EndGlobalSection
	GlobalSection(SolutionProperties) = preSolution
		HideSolutionNode = FALSE
	EndGlobalSection
	GlobalSection(ExtensibilityGlobals) = postSolution
		SolutionGuid = {0E40B099-D87F-4BA5-9FBB-EDF63EE4F1F4}
	EndGlobalSection
EndGlobal
